// !$*UTF8*$!
{
	archiveVersion = 1;
	classes = {
	};
	objectVersion = 46;
	objects = {

/* Begin PBXBuildFile section */
		F20582E918487F0F0059ED96 /* AlertView.m in Sources */ = {isa = PBXBuildFile; fileRef = F20582E818487F0F0059ED96 /* AlertView.m */; };
		F2162D661844403C00E7C83D /* Foundation.framework in Frameworks */ = {isa = PBXBuildFile; fileRef = F2162D651844403C00E7C83D /* Foundation.framework */; };
		F2162D681844403C00E7C83D /* CoreGraphics.framework in Frameworks */ = {isa = PBXBuildFile; fileRef = F2162D671844403C00E7C83D /* CoreGraphics.framework */; };
		F2162D6A1844403C00E7C83D /* UIKit.framework in Frameworks */ = {isa = PBXBuildFile; fileRef = F2162D691844403C00E7C83D /* UIKit.framework */; };
		F2162D701844403C00E7C83D /* InfoPlist.strings in Resources */ = {isa = PBXBuildFile; fileRef = F2162D6E1844403C00E7C83D /* InfoPlist.strings */; };
		F2162D721844403C00E7C83D /* main.m in Sources */ = {isa = PBXBuildFile; fileRef = F2162D711844403C00E7C83D /* main.m */; };
		F2162D761844403D00E7C83D /* AppDelegate.m in Sources */ = {isa = PBXBuildFile; fileRef = F2162D751844403D00E7C83D /* AppDelegate.m */; };
		F2162D791844403D00E7C83D /* Main_iPhone.storyboard in Resources */ = {isa = PBXBuildFile; fileRef = F2162D771844403D00E7C83D /* Main_iPhone.storyboard */; };
		F2162D7C1844403D00E7C83D /* Main_iPad.storyboard in Resources */ = {isa = PBXBuildFile; fileRef = F2162D7A1844403D00E7C83D /* Main_iPad.storyboard */; };
		F2162D7F1844403D00E7C83D /* ViewController.m in Sources */ = {isa = PBXBuildFile; fileRef = F2162D7E1844403D00E7C83D /* ViewController.m */; };
		F2162D811844403D00E7C83D /* Images.xcassets in Resources */ = {isa = PBXBuildFile; fileRef = F2162D801844403D00E7C83D /* Images.xcassets */; };
		F2162D881844403D00E7C83D /* XCTest.framework in Frameworks */ = {isa = PBXBuildFile; fileRef = F2162D871844403D00E7C83D /* XCTest.framework */; };
		F2162D891844403D00E7C83D /* Foundation.framework in Frameworks */ = {isa = PBXBuildFile; fileRef = F2162D651844403C00E7C83D /* Foundation.framework */; };
		F2162D8A1844403D00E7C83D /* UIKit.framework in Frameworks */ = {isa = PBXBuildFile; fileRef = F2162D691844403C00E7C83D /* UIKit.framework */; };
		F2162D921844403D00E7C83D /* InfoPlist.strings in Resources */ = {isa = PBXBuildFile; fileRef = F2162D901844403D00E7C83D /* InfoPlist.strings */; };
		F2162D941844403D00E7C83D /* iOSChatRoomClientDemoTests.m in Sources */ = {isa = PBXBuildFile; fileRef = F2162D931844403D00E7C83D /* iOSChatRoomClientDemoTests.m */; };
		F2162DA018444E9E00E7C83D /* MainViewController.m in Sources */ = {isa = PBXBuildFile; fileRef = F2162D9F18444E9E00E7C83D /* MainViewController.m */; };
		F2162DA318444FAA00E7C83D /* LoginViewController.m in Sources */ = {isa = PBXBuildFile; fileRef = F2162DA218444FAA00E7C83D /* LoginViewController.m */; };
		F2162DA6184474D000E7C83D /* BasicViewController.m in Sources */ = {isa = PBXBuildFile; fileRef = F2162DA5184474D000E7C83D /* BasicViewController.m */; };
		F21C64411855F09700F9D5DE /* NSData-SQLitePersistence.m in Sources */ = {isa = PBXBuildFile; fileRef = F21C64221855F09700F9D5DE /* NSData-SQLitePersistence.m */; };
		F21C64421855F09700F9D5DE /* NSDate-SQLitePersistence.m in Sources */ = {isa = PBXBuildFile; fileRef = F21C64241855F09700F9D5DE /* NSDate-SQLitePersistence.m */; };
		F21C64431855F09700F9D5DE /* NSMutableArray-MultipleSort.m in Sources */ = {isa = PBXBuildFile; fileRef = F21C64261855F09700F9D5DE /* NSMutableArray-MultipleSort.m */; };
		F21C64441855F09700F9D5DE /* NSMutableData-SQLitePersistence.m in Sources */ = {isa = PBXBuildFile; fileRef = F21C64281855F09700F9D5DE /* NSMutableData-SQLitePersistence.m */; };
		F21C64451855F09700F9D5DE /* NSNumber-SQLitePersistence.m in Sources */ = {isa = PBXBuildFile; fileRef = F21C642A1855F09700F9D5DE /* NSNumber-SQLitePersistence.m */; };
		F21C64461855F09700F9D5DE /* NSObject-ClassName.m in Sources */ = {isa = PBXBuildFile; fileRef = F21C642C1855F09700F9D5DE /* NSObject-ClassName.m */; };
		F21C64471855F09700F9D5DE /* NSObject-MissingKV.m in Sources */ = {isa = PBXBuildFile; fileRef = F21C642E1855F09700F9D5DE /* NSObject-MissingKV.m */; };
		F21C64481855F09700F9D5DE /* NSObject-SQLitePersistence.m in Sources */ = {isa = PBXBuildFile; fileRef = F21C64301855F09700F9D5DE /* NSObject-SQLitePersistence.m */; };
		F21C64491855F09700F9D5DE /* NSString-NumberStuff.m in Sources */ = {isa = PBXBuildFile; fileRef = F21C64321855F09700F9D5DE /* NSString-NumberStuff.m */; };
		F21C644A1855F09700F9D5DE /* NSString-SQLiteColumnName.m in Sources */ = {isa = PBXBuildFile; fileRef = F21C64341855F09700F9D5DE /* NSString-SQLiteColumnName.m */; };
		F21C644B1855F09700F9D5DE /* NSString-SQLitePersistence.m in Sources */ = {isa = PBXBuildFile; fileRef = F21C64361855F09700F9D5DE /* NSString-SQLitePersistence.m */; };
		F21C644C1855F09700F9D5DE /* NSString-UppercaseFirst.m in Sources */ = {isa = PBXBuildFile; fileRef = F21C64381855F09700F9D5DE /* NSString-UppercaseFirst.m */; };
		F21C644D1855F09700F9D5DE /* SQLiteInstanceManager.m in Sources */ = {isa = PBXBuildFile; fileRef = F21C643A1855F09700F9D5DE /* SQLiteInstanceManager.m */; };
		F21C644E1855F09700F9D5DE /* SQLitePersistentObject.m in Sources */ = {isa = PBXBuildFile; fileRef = F21C643C1855F09700F9D5DE /* SQLitePersistentObject.m */; };
		F21C644F1855F09700F9D5DE /* UIColor-SQLitePersistentObject.m in Sources */ = {isa = PBXBuildFile; fileRef = F21C643E1855F09700F9D5DE /* UIColor-SQLitePersistentObject.m */; };
		F21C64501855F09700F9D5DE /* UIImage-SQLitePersistence.m in Sources */ = {isa = PBXBuildFile; fileRef = F21C64401855F09700F9D5DE /* UIImage-SQLitePersistence.m */; };
		F2B1F160184EBCA5001E4B73 /* MessageViewController.m in Sources */ = {isa = PBXBuildFile; fileRef = F2B1F15F184EBCA5001E4B73 /* MessageViewController.m */; };
		F2B1F163184EBD9C001E4B73 /* ConcatsViewController.m in Sources */ = {isa = PBXBuildFile; fileRef = F2B1F162184EBD9C001E4B73 /* ConcatsViewController.m */; };
		F2B1F166184EBDD3001E4B73 /* HistoryViewController.m in Sources */ = {isa = PBXBuildFile; fileRef = F2B1F165184EBDD3001E4B73 /* HistoryViewController.m */; };
		F287263E184729000081B78B /* MessageViewController.m in Sources */ = {isa = PBXBuildFile; fileRef = F287263D184729000081B78B /* MessageViewController.m */; };
		F28726411847292E0081B78B /* ConcatsViewController.m in Sources */ = {isa = PBXBuildFile; fileRef = F28726401847292E0081B78B /* ConcatsViewController.m */; };
		F2872644184729580081B78B /* SettingViewController.m in Sources */ = {isa = PBXBuildFile; fileRef = F2872643184729580081B78B /* SettingViewController.m */; };
/* End PBXBuildFile section */

/* Begin PBXContainerItemProxy section */
		F2162D8B1844403D00E7C83D /* PBXContainerItemProxy */ = {
			isa = PBXContainerItemProxy;
			containerPortal = F2162D5A1844403B00E7C83D /* Project object */;
			proxyType = 1;
			remoteGlobalIDString = F2162D611844403C00E7C83D;
			remoteInfo = iOSChatRoomClientDemo;
		};
/* End PBXContainerItemProxy section */

/* Begin PBXFileReference section */
		F20582E718487F0F0059ED96 /* AlertView.h */ = {isa = PBXFileReference; fileEncoding = 4; lastKnownFileType = sourcecode.c.h; path = AlertView.h; sourceTree = "<group>"; };
		F20582E818487F0F0059ED96 /* AlertView.m */ = {isa = PBXFileReference; fileEncoding = 4; lastKnownFileType = sourcecode.c.objc; path = AlertView.m; sourceTree = "<group>"; };
		F2162D621844403C00E7C83D /* iOSChatRoomClientDemo.app */ = {isa = PBXFileReference; explicitFileType = wrapper.application; includeInIndex = 0; path = iOSChatRoomClientDemo.app; sourceTree = BUILT_PRODUCTS_DIR; };
		F2162D651844403C00E7C83D /* Foundation.framework */ = {isa = PBXFileReference; lastKnownFileType = wrapper.framework; name = Foundation.framework; path = System/Library/Frameworks/Foundation.framework; sourceTree = SDKROOT; };
		F2162D671844403C00E7C83D /* CoreGraphics.framework */ = {isa = PBXFileReference; lastKnownFileType = wrapper.framework; name = CoreGraphics.framework; path = System/Library/Frameworks/CoreGraphics.framework; sourceTree = SDKROOT; };
		F2162D691844403C00E7C83D /* UIKit.framework */ = {isa = PBXFileReference; lastKnownFileType = wrapper.framework; name = UIKit.framework; path = System/Library/Frameworks/UIKit.framework; sourceTree = SDKROOT; };
		F2162D6D1844403C00E7C83D /* iOSChatRoomClientDemo-Info.plist */ = {isa = PBXFileReference; lastKnownFileType = text.plist.xml; path = "iOSChatRoomClientDemo-Info.plist"; sourceTree = "<group>"; };
		F2162D6F1844403C00E7C83D /* en */ = {isa = PBXFileReference; lastKnownFileType = text.plist.strings; name = en; path = en.lproj/InfoPlist.strings; sourceTree = "<group>"; };
		F2162D711844403C00E7C83D /* main.m */ = {isa = PBXFileReference; lastKnownFileType = sourcecode.c.objc; path = main.m; sourceTree = "<group>"; };
		F2162D731844403C00E7C83D /* iOSChatRoomClientDemo-Prefix.pch */ = {isa = PBXFileReference; lastKnownFileType = sourcecode.c.h; path = "iOSChatRoomClientDemo-Prefix.pch"; sourceTree = "<group>"; };
		F2162D741844403C00E7C83D /* AppDelegate.h */ = {isa = PBXFileReference; lastKnownFileType = sourcecode.c.h; path = AppDelegate.h; sourceTree = "<group>"; };
		F2162D751844403D00E7C83D /* AppDelegate.m */ = {isa = PBXFileReference; lastKnownFileType = sourcecode.c.objc; path = AppDelegate.m; sourceTree = "<group>"; };
		F2162D781844403D00E7C83D /* Base */ = {isa = PBXFileReference; lastKnownFileType = file.storyboard; name = Base; path = Base.lproj/Main_iPhone.storyboard; sourceTree = "<group>"; };
		F2162D7B1844403D00E7C83D /* Base */ = {isa = PBXFileReference; lastKnownFileType = file.storyboard; name = Base; path = Base.lproj/Main_iPad.storyboard; sourceTree = "<group>"; };
		F2162D7D1844403D00E7C83D /* ViewController.h */ = {isa = PBXFileReference; lastKnownFileType = sourcecode.c.h; path = ViewController.h; sourceTree = "<group>"; };
		F2162D7E1844403D00E7C83D /* ViewController.m */ = {isa = PBXFileReference; lastKnownFileType = sourcecode.c.objc; path = ViewController.m; sourceTree = "<group>"; };
		F2162D801844403D00E7C83D /* Images.xcassets */ = {isa = PBXFileReference; lastKnownFileType = folder.assetcatalog; path = Images.xcassets; sourceTree = "<group>"; };
		F2162D861844403D00E7C83D /* iOSChatRoomClientDemoTests.xctest */ = {isa = PBXFileReference; explicitFileType = wrapper.cfbundle; includeInIndex = 0; path = iOSChatRoomClientDemoTests.xctest; sourceTree = BUILT_PRODUCTS_DIR; };
		F2162D871844403D00E7C83D /* XCTest.framework */ = {isa = PBXFileReference; lastKnownFileType = wrapper.framework; name = XCTest.framework; path = Library/Frameworks/XCTest.framework; sourceTree = DEVELOPER_DIR; };
		F2162D8F1844403D00E7C83D /* iOSChatRoomClientDemoTests-Info.plist */ = {isa = PBXFileReference; lastKnownFileType = text.plist.xml; path = "iOSChatRoomClientDemoTests-Info.plist"; sourceTree = "<group>"; };
		F2162D911844403D00E7C83D /* en */ = {isa = PBXFileReference; lastKnownFileType = text.plist.strings; name = en; path = en.lproj/InfoPlist.strings; sourceTree = "<group>"; };
		F2162D931844403D00E7C83D /* iOSChatRoomClientDemoTests.m */ = {isa = PBXFileReference; lastKnownFileType = sourcecode.c.objc; path = iOSChatRoomClientDemoTests.m; sourceTree = "<group>"; };
		F2162D9E18444E9E00E7C83D /* MainViewController.h */ = {isa = PBXFileReference; fileEncoding = 4; lastKnownFileType = sourcecode.c.h; path = MainViewController.h; sourceTree = "<group>"; };
		F2162D9F18444E9E00E7C83D /* MainViewController.m */ = {isa = PBXFileReference; fileEncoding = 4; lastKnownFileType = sourcecode.c.objc; path = MainViewController.m; sourceTree = "<group>"; };
		F2162DA118444FAA00E7C83D /* LoginViewController.h */ = {isa = PBXFileReference; fileEncoding = 4; lastKnownFileType = sourcecode.c.h; path = LoginViewController.h; sourceTree = "<group>"; };
		F2162DA218444FAA00E7C83D /* LoginViewController.m */ = {isa = PBXFileReference; fileEncoding = 4; lastKnownFileType = sourcecode.c.objc; path = LoginViewController.m; sourceTree = "<group>"; };
		F2162DA4184474D000E7C83D /* BasicViewController.h */ = {isa = PBXFileReference; fileEncoding = 4; lastKnownFileType = sourcecode.c.h; path = BasicViewController.h; sourceTree = "<group>"; };
		F2162DA5184474D000E7C83D /* BasicViewController.m */ = {isa = PBXFileReference; fileEncoding = 4; lastKnownFileType = sourcecode.c.objc; path = BasicViewController.m; sourceTree = "<group>"; };
		F21C64211855F09700F9D5DE /* NSData-SQLitePersistence.h */ = {isa = PBXFileReference; fileEncoding = 4; lastKnownFileType = sourcecode.c.h; path = "NSData-SQLitePersistence.h"; sourceTree = "<group>"; };
		F21C64221855F09700F9D5DE /* NSData-SQLitePersistence.m */ = {isa = PBXFileReference; fileEncoding = 4; lastKnownFileType = sourcecode.c.objc; path = "NSData-SQLitePersistence.m"; sourceTree = "<group>"; };
		F21C64231855F09700F9D5DE /* NSDate-SQLitePersistence.h */ = {isa = PBXFileReference; fileEncoding = 4; lastKnownFileType = sourcecode.c.h; path = "NSDate-SQLitePersistence.h"; sourceTree = "<group>"; };
		F21C64241855F09700F9D5DE /* NSDate-SQLitePersistence.m */ = {isa = PBXFileReference; fileEncoding = 4; lastKnownFileType = sourcecode.c.objc; path = "NSDate-SQLitePersistence.m"; sourceTree = "<group>"; };
		F21C64251855F09700F9D5DE /* NSMutableArray-MultipleSort.h */ = {isa = PBXFileReference; fileEncoding = 4; lastKnownFileType = sourcecode.c.h; path = "NSMutableArray-MultipleSort.h"; sourceTree = "<group>"; };
		F21C64261855F09700F9D5DE /* NSMutableArray-MultipleSort.m */ = {isa = PBXFileReference; fileEncoding = 4; lastKnownFileType = sourcecode.c.objc; path = "NSMutableArray-MultipleSort.m"; sourceTree = "<group>"; };
		F21C64271855F09700F9D5DE /* NSMutableData-SQLitePersistence.h */ = {isa = PBXFileReference; fileEncoding = 4; lastKnownFileType = sourcecode.c.h; path = "NSMutableData-SQLitePersistence.h"; sourceTree = "<group>"; };
		F21C64281855F09700F9D5DE /* NSMutableData-SQLitePersistence.m */ = {isa = PBXFileReference; fileEncoding = 4; lastKnownFileType = sourcecode.c.objc; path = "NSMutableData-SQLitePersistence.m"; sourceTree = "<group>"; };
		F21C64291855F09700F9D5DE /* NSNumber-SQLitePersistence.h */ = {isa = PBXFileReference; fileEncoding = 4; lastKnownFileType = sourcecode.c.h; path = "NSNumber-SQLitePersistence.h"; sourceTree = "<group>"; };
		F21C642A1855F09700F9D5DE /* NSNumber-SQLitePersistence.m */ = {isa = PBXFileReference; fileEncoding = 4; lastKnownFileType = sourcecode.c.objc; path = "NSNumber-SQLitePersistence.m"; sourceTree = "<group>"; };
		F21C642B1855F09700F9D5DE /* NSObject-ClassName.h */ = {isa = PBXFileReference; fileEncoding = 4; lastKnownFileType = sourcecode.c.h; path = "NSObject-ClassName.h"; sourceTree = "<group>"; };
		F21C642C1855F09700F9D5DE /* NSObject-ClassName.m */ = {isa = PBXFileReference; fileEncoding = 4; lastKnownFileType = sourcecode.c.objc; path = "NSObject-ClassName.m"; sourceTree = "<group>"; };
		F21C642D1855F09700F9D5DE /* NSObject-MissingKV.h */ = {isa = PBXFileReference; fileEncoding = 4; lastKnownFileType = sourcecode.c.h; path = "NSObject-MissingKV.h"; sourceTree = "<group>"; };
		F21C642E1855F09700F9D5DE /* NSObject-MissingKV.m */ = {isa = PBXFileReference; fileEncoding = 4; lastKnownFileType = sourcecode.c.objc; path = "NSObject-MissingKV.m"; sourceTree = "<group>"; };
		F21C642F1855F09700F9D5DE /* NSObject-SQLitePersistence.h */ = {isa = PBXFileReference; fileEncoding = 4; lastKnownFileType = sourcecode.c.h; path = "NSObject-SQLitePersistence.h"; sourceTree = "<group>"; };
		F21C64301855F09700F9D5DE /* NSObject-SQLitePersistence.m */ = {isa = PBXFileReference; fileEncoding = 4; lastKnownFileType = sourcecode.c.objc; path = "NSObject-SQLitePersistence.m"; sourceTree = "<group>"; };
		F21C64311855F09700F9D5DE /* NSString-NumberStuff.h */ = {isa = PBXFileReference; fileEncoding = 4; lastKnownFileType = sourcecode.c.h; path = "NSString-NumberStuff.h"; sourceTree = "<group>"; };
		F21C64321855F09700F9D5DE /* NSString-NumberStuff.m */ = {isa = PBXFileReference; fileEncoding = 4; lastKnownFileType = sourcecode.c.objc; path = "NSString-NumberStuff.m"; sourceTree = "<group>"; };
		F21C64331855F09700F9D5DE /* NSString-SQLiteColumnName.h */ = {isa = PBXFileReference; fileEncoding = 4; lastKnownFileType = sourcecode.c.h; path = "NSString-SQLiteColumnName.h"; sourceTree = "<group>"; };
		F21C64341855F09700F9D5DE /* NSString-SQLiteColumnName.m */ = {isa = PBXFileReference; fileEncoding = 4; lastKnownFileType = sourcecode.c.objc; path = "NSString-SQLiteColumnName.m"; sourceTree = "<group>"; };
		F21C64351855F09700F9D5DE /* NSString-SQLitePersistence.h */ = {isa = PBXFileReference; fileEncoding = 4; lastKnownFileType = sourcecode.c.h; path = "NSString-SQLitePersistence.h"; sourceTree = "<group>"; };
		F21C64361855F09700F9D5DE /* NSString-SQLitePersistence.m */ = {isa = PBXFileReference; fileEncoding = 4; lastKnownFileType = sourcecode.c.objc; path = "NSString-SQLitePersistence.m"; sourceTree = "<group>"; };
		F21C64371855F09700F9D5DE /* NSString-UppercaseFirst.h */ = {isa = PBXFileReference; fileEncoding = 4; lastKnownFileType = sourcecode.c.h; path = "NSString-UppercaseFirst.h"; sourceTree = "<group>"; };
		F21C64381855F09700F9D5DE /* NSString-UppercaseFirst.m */ = {isa = PBXFileReference; fileEncoding = 4; lastKnownFileType = sourcecode.c.objc; path = "NSString-UppercaseFirst.m"; sourceTree = "<group>"; };
		F21C64391855F09700F9D5DE /* SQLiteInstanceManager.h */ = {isa = PBXFileReference; fileEncoding = 4; lastKnownFileType = sourcecode.c.h; path = SQLiteInstanceManager.h; sourceTree = "<group>"; };
		F21C643A1855F09700F9D5DE /* SQLiteInstanceManager.m */ = {isa = PBXFileReference; fileEncoding = 4; lastKnownFileType = sourcecode.c.objc; path = SQLiteInstanceManager.m; sourceTree = "<group>"; };
		F21C643B1855F09700F9D5DE /* SQLitePersistentObject.h */ = {isa = PBXFileReference; fileEncoding = 4; lastKnownFileType = sourcecode.c.h; path = SQLitePersistentObject.h; sourceTree = "<group>"; };
		F21C643C1855F09700F9D5DE /* SQLitePersistentObject.m */ = {isa = PBXFileReference; fileEncoding = 4; lastKnownFileType = sourcecode.c.objc; path = SQLitePersistentObject.m; sourceTree = "<group>"; };
		F21C643D1855F09700F9D5DE /* UIColor-SQLitePersistentObject.h */ = {isa = PBXFileReference; fileEncoding = 4; lastKnownFileType = sourcecode.c.h; path = "UIColor-SQLitePersistentObject.h"; sourceTree = "<group>"; };
		F21C643E1855F09700F9D5DE /* UIColor-SQLitePersistentObject.m */ = {isa = PBXFileReference; fileEncoding = 4; lastKnownFileType = sourcecode.c.objc; path = "UIColor-SQLitePersistentObject.m"; sourceTree = "<group>"; };
		F21C643F1855F09700F9D5DE /* UIImage-SQLitePersistence.h */ = {isa = PBXFileReference; fileEncoding = 4; lastKnownFileType = sourcecode.c.h; path = "UIImage-SQLitePersistence.h"; sourceTree = "<group>"; };
		F21C64401855F09700F9D5DE /* UIImage-SQLitePersistence.m */ = {isa = PBXFileReference; fileEncoding = 4; lastKnownFileType = sourcecode.c.objc; path = "UIImage-SQLitePersistence.m"; sourceTree = "<group>"; };
		F2B1F15E184EBCA5001E4B73 /* MessageViewController.h */ = {isa = PBXFileReference; fileEncoding = 4; lastKnownFileType = sourcecode.c.h; path = MessageViewController.h; sourceTree = "<group>"; };
		F2B1F15F184EBCA5001E4B73 /* MessageViewController.m */ = {isa = PBXFileReference; fileEncoding = 4; lastKnownFileType = sourcecode.c.objc; path = MessageViewController.m; sourceTree = "<group>"; };
		F2B1F161184EBD9C001E4B73 /* ConcatsViewController.h */ = {isa = PBXFileReference; fileEncoding = 4; lastKnownFileType = sourcecode.c.h; path = ConcatsViewController.h; sourceTree = "<group>"; };
		F2B1F162184EBD9C001E4B73 /* ConcatsViewController.m */ = {isa = PBXFileReference; fileEncoding = 4; lastKnownFileType = sourcecode.c.objc; path = ConcatsViewController.m; sourceTree = "<group>"; };
		F2B1F164184EBDD3001E4B73 /* HistoryViewController.h */ = {isa = PBXFileReference; fileEncoding = 4; lastKnownFileType = sourcecode.c.h; path = HistoryViewController.h; sourceTree = "<group>"; };
		F2B1F165184EBDD3001E4B73 /* HistoryViewController.m */ = {isa = PBXFileReference; fileEncoding = 4; lastKnownFileType = sourcecode.c.objc; path = HistoryViewController.m; sourceTree = "<group>"; };
		F287263C184729000081B78B /* MessageViewController.h */ = {isa = PBXFileReference; fileEncoding = 4; lastKnownFileType = sourcecode.c.h; path = MessageViewController.h; sourceTree = "<group>"; };
		F287263D184729000081B78B /* MessageViewController.m */ = {isa = PBXFileReference; fileEncoding = 4; lastKnownFileType = sourcecode.c.objc; path = MessageViewController.m; sourceTree = "<group>"; };
		F287263F1847292E0081B78B /* ConcatsViewController.h */ = {isa = PBXFileReference; fileEncoding = 4; lastKnownFileType = sourcecode.c.h; path = ConcatsViewController.h; sourceTree = "<group>"; };
		F28726401847292E0081B78B /* ConcatsViewController.m */ = {isa = PBXFileReference; fileEncoding = 4; lastKnownFileType = sourcecode.c.objc; path = ConcatsViewController.m; sourceTree = "<group>"; };
		F2872642184729580081B78B /* SettingViewController.h */ = {isa = PBXFileReference; fileEncoding = 4; lastKnownFileType = sourcecode.c.h; path = SettingViewController.h; sourceTree = "<group>"; };
		F2872643184729580081B78B /* SettingViewController.m */ = {isa = PBXFileReference; fileEncoding = 4; lastKnownFileType = sourcecode.c.objc; path = SettingViewController.m; sourceTree = "<group>"; };
/* End PBXFileReference section */

/* Begin PBXFrameworksBuildPhase section */
		F2162D5F1844403C00E7C83D /* Frameworks */ = {
			isa = PBXFrameworksBuildPhase;
			buildActionMask = 2147483647;
			files = (
				F2162D681844403C00E7C83D /* CoreGraphics.framework in Frameworks */,
				F2162D6A1844403C00E7C83D /* UIKit.framework in Frameworks */,
				F2162D661844403C00E7C83D /* Foundation.framework in Frameworks */,
			);
			runOnlyForDeploymentPostprocessing = 0;
		};
		F2162D831844403D00E7C83D /* Frameworks */ = {
			isa = PBXFrameworksBuildPhase;
			buildActionMask = 2147483647;
			files = (
				F2162D881844403D00E7C83D /* XCTest.framework in Frameworks */,
				F2162D8A1844403D00E7C83D /* UIKit.framework in Frameworks */,
				F2162D891844403D00E7C83D /* Foundation.framework in Frameworks */,
			);
			runOnlyForDeploymentPostprocessing = 0;
		};
/* End PBXFrameworksBuildPhase section */

/* Begin PBXGroup section */
		F20582DB1848282B0059ED96 /* views */ = {
			isa = PBXGroup;
			children = (
			);
			name = views;
			sourceTree = "<group>";
		};
		F2162D591844403B00E7C83D = {
			isa = PBXGroup;
			children = (
				F21C64201855F04800F9D5DE /* sqlitepersistentobject */,
				F21C641F1855ED3100F9D5DE /* models */,
				F21C641E1855ECF400F9D5DE /* components */,
				F21C641D1855ECE600F9D5DE /* utils */,
				F21C641C1855ECDA00F9D5DE /* services */,
		F20582E518487EBD0059ED96 /* utils */ = {
			isa = PBXGroup;
			children = (
				F20582E618487ECA0059ED96 /* ui */,
			);
			name = utils;
			sourceTree = "<group>";
		};
		F20582E618487ECA0059ED96 /* ui */ = {
			isa = PBXGroup;
			children = (
				F20582E718487F0F0059ED96 /* AlertView.h */,
				F20582E818487F0F0059ED96 /* AlertView.m */,
			);
			name = ui;
			sourceTree = "<group>";
		};
		F2162D591844403B00E7C83D = {
			isa = PBXGroup;
			children = (
				F21C64511855F65700F9D5DE /* sqlite */,
				F20582E518487EBD0059ED96 /* utils */,
				F20582DB1848282B0059ED96 /* views */,
				F2162D9D18444E6E00E7C83D /* controllers */,
				F2162D6B1844403C00E7C83D /* iOSChatRoomClientDemo */,
				F2162D8D1844403D00E7C83D /* iOSChatRoomClientDemoTests */,
				F2162D641844403C00E7C83D /* Frameworks */,
				F2162D631844403C00E7C83D /* Products */,
			);
			sourceTree = "<group>";
		};
		F2162D631844403C00E7C83D /* Products */ = {
			isa = PBXGroup;
			children = (
				F2162D621844403C00E7C83D /* iOSChatRoomClientDemo.app */,
				F2162D861844403D00E7C83D /* iOSChatRoomClientDemoTests.xctest */,
			);
			name = Products;
			sourceTree = "<group>";
		};
		F2162D641844403C00E7C83D /* Frameworks */ = {
			isa = PBXGroup;
			children = (
				F2162D651844403C00E7C83D /* Foundation.framework */,
				F2162D671844403C00E7C83D /* CoreGraphics.framework */,
				F2162D691844403C00E7C83D /* UIKit.framework */,
				F2162D871844403D00E7C83D /* XCTest.framework */,
			);
			name = Frameworks;
			sourceTree = "<group>";
		};
		F2162D6B1844403C00E7C83D /* iOSChatRoomClientDemo */ = {
			isa = PBXGroup;
			children = (
				F2162D741844403C00E7C83D /* AppDelegate.h */,
				F2162D751844403D00E7C83D /* AppDelegate.m */,
				F2162D771844403D00E7C83D /* Main_iPhone.storyboard */,
				F2162D7A1844403D00E7C83D /* Main_iPad.storyboard */,
				F2162D7D1844403D00E7C83D /* ViewController.h */,
				F2162D7E1844403D00E7C83D /* ViewController.m */,
				F2162D801844403D00E7C83D /* Images.xcassets */,
				F2162D6C1844403C00E7C83D /* Supporting Files */,
			);
			path = iOSChatRoomClientDemo;
			sourceTree = "<group>";
		};
		F2162D6C1844403C00E7C83D /* Supporting Files */ = {
			isa = PBXGroup;
			children = (
				F2162D6D1844403C00E7C83D /* iOSChatRoomClientDemo-Info.plist */,
				F2162D6E1844403C00E7C83D /* InfoPlist.strings */,
				F2162D711844403C00E7C83D /* main.m */,
				F2162D731844403C00E7C83D /* iOSChatRoomClientDemo-Prefix.pch */,
			);
			name = "Supporting Files";
			sourceTree = "<group>";
		};
		F2162D8D1844403D00E7C83D /* iOSChatRoomClientDemoTests */ = {
			isa = PBXGroup;
			children = (
				F2162D931844403D00E7C83D /* iOSChatRoomClientDemoTests.m */,
				F2162D8E1844403D00E7C83D /* Supporting Files */,
			);
			path = iOSChatRoomClientDemoTests;
			sourceTree = "<group>";
		};
		F2162D8E1844403D00E7C83D /* Supporting Files */ = {
			isa = PBXGroup;
			children = (
				F2162D8F1844403D00E7C83D /* iOSChatRoomClientDemoTests-Info.plist */,
				F2162D901844403D00E7C83D /* InfoPlist.strings */,
			);
			name = "Supporting Files";
			sourceTree = "<group>";
		};
		F2162D9D18444E6E00E7C83D /* controllers */ = {
			isa = PBXGroup;
			children = (
				F2162D9E18444E9E00E7C83D /* MainViewController.h */,
				F2162D9F18444E9E00E7C83D /* MainViewController.m */,
				F2162DA118444FAA00E7C83D /* LoginViewController.h */,
				F2162DA218444FAA00E7C83D /* LoginViewController.m */,
				F2162DA4184474D000E7C83D /* BasicViewController.h */,
				F2162DA5184474D000E7C83D /* BasicViewController.m */,
				F287263C184729000081B78B /* MessageViewController.h */,
				F287263D184729000081B78B /* MessageViewController.m */,
				F287263F1847292E0081B78B /* ConcatsViewController.h */,
				F28726401847292E0081B78B /* ConcatsViewController.m */,
				F2872642184729580081B78B /* SettingViewController.h */,
				F2872643184729580081B78B /* SettingViewController.m */,
			);
			name = controllers;
			sourceTree = "<group>";
		};
		F21C64511855F65700F9D5DE /* sqlite */ = {
			isa = PBXGroup;
			children = (
			);
			name = sqlite;
		F21C641C1855ECDA00F9D5DE /* services */ = {
			isa = PBXGroup;
			children = (
			);
			name = services;
			sourceTree = "<group>";
		};
		F21C641D1855ECE600F9D5DE /* utils */ = {
			isa = PBXGroup;
			children = (
			);
			name = utils;
			sourceTree = "<group>";
		};
		F21C641E1855ECF400F9D5DE /* components */ = {
			isa = PBXGroup;
			children = (
			);
			name = components;
			sourceTree = "<group>";
		};
		F21C641F1855ED3100F9D5DE /* models */ = {
			isa = PBXGroup;
			children = (
			);
			name = models;
			sourceTree = "<group>";
		};
		F21C64201855F04800F9D5DE /* sqlitepersistentobject */ = {
			isa = PBXGroup;
			children = (
				F21C64211855F09700F9D5DE /* NSData-SQLitePersistence.h */,
				F21C64221855F09700F9D5DE /* NSData-SQLitePersistence.m */,
				F21C64231855F09700F9D5DE /* NSDate-SQLitePersistence.h */,
				F21C64241855F09700F9D5DE /* NSDate-SQLitePersistence.m */,
				F21C64251855F09700F9D5DE /* NSMutableArray-MultipleSort.h */,
				F21C64261855F09700F9D5DE /* NSMutableArray-MultipleSort.m */,
				F21C64271855F09700F9D5DE /* NSMutableData-SQLitePersistence.h */,
				F21C64281855F09700F9D5DE /* NSMutableData-SQLitePersistence.m */,
				F21C64291855F09700F9D5DE /* NSNumber-SQLitePersistence.h */,
				F21C642A1855F09700F9D5DE /* NSNumber-SQLitePersistence.m */,
				F21C642B1855F09700F9D5DE /* NSObject-ClassName.h */,
				F21C642C1855F09700F9D5DE /* NSObject-ClassName.m */,
				F21C642D1855F09700F9D5DE /* NSObject-MissingKV.h */,
				F21C642E1855F09700F9D5DE /* NSObject-MissingKV.m */,
				F21C642F1855F09700F9D5DE /* NSObject-SQLitePersistence.h */,
				F21C64301855F09700F9D5DE /* NSObject-SQLitePersistence.m */,
				F21C64311855F09700F9D5DE /* NSString-NumberStuff.h */,
				F21C64321855F09700F9D5DE /* NSString-NumberStuff.m */,
				F21C64331855F09700F9D5DE /* NSString-SQLiteColumnName.h */,
				F21C64341855F09700F9D5DE /* NSString-SQLiteColumnName.m */,
				F21C64351855F09700F9D5DE /* NSString-SQLitePersistence.h */,
				F21C64361855F09700F9D5DE /* NSString-SQLitePersistence.m */,
				F21C64371855F09700F9D5DE /* NSString-UppercaseFirst.h */,
				F21C64381855F09700F9D5DE /* NSString-UppercaseFirst.m */,
				F21C64391855F09700F9D5DE /* SQLiteInstanceManager.h */,
				F21C643A1855F09700F9D5DE /* SQLiteInstanceManager.m */,
				F21C643B1855F09700F9D5DE /* SQLitePersistentObject.h */,
				F21C643C1855F09700F9D5DE /* SQLitePersistentObject.m */,
				F21C643D1855F09700F9D5DE /* UIColor-SQLitePersistentObject.h */,
				F21C643E1855F09700F9D5DE /* UIColor-SQLitePersistentObject.m */,
				F21C643F1855F09700F9D5DE /* UIImage-SQLitePersistence.h */,
				F21C64401855F09700F9D5DE /* UIImage-SQLitePersistence.m */,
			);
			name = sqlitepersistentobject;
			sourceTree = "<group>";
		};
/* End PBXGroup section */

/* Begin PBXNativeTarget section */
		F2162D611844403C00E7C83D /* iOSChatRoomClientDemo */ = {
			isa = PBXNativeTarget;
			buildConfigurationList = F2162D971844403D00E7C83D /* Build configuration list for PBXNativeTarget "iOSChatRoomClientDemo" */;
			buildPhases = (
				F2162D5E1844403C00E7C83D /* Sources */,
				F2162D5F1844403C00E7C83D /* Frameworks */,
				F2162D601844403C00E7C83D /* Resources */,
			);
			buildRules = (
			);
			dependencies = (
			);
			name = iOSChatRoomClientDemo;
			productName = iOSChatRoomClientDemo;
			productReference = F2162D621844403C00E7C83D /* iOSChatRoomClientDemo.app */;
			productType = "com.apple.product-type.application";
		};
		F2162D851844403D00E7C83D /* iOSChatRoomClientDemoTests */ = {
			isa = PBXNativeTarget;
			buildConfigurationList = F2162D9A1844403D00E7C83D /* Build configuration list for PBXNativeTarget "iOSChatRoomClientDemoTests" */;
			buildPhases = (
				F2162D821844403D00E7C83D /* Sources */,
				F2162D831844403D00E7C83D /* Frameworks */,
				F2162D841844403D00E7C83D /* Resources */,
			);
			buildRules = (
			);
			dependencies = (
				F2162D8C1844403D00E7C83D /* PBXTargetDependency */,
			);
			name = iOSChatRoomClientDemoTests;
			productName = iOSChatRoomClientDemoTests;
			productReference = F2162D861844403D00E7C83D /* iOSChatRoomClientDemoTests.xctest */;
			productType = "com.apple.product-type.bundle.unit-test";
		};
/* End PBXNativeTarget section */

/* Begin PBXProject section */
		F2162D5A1844403B00E7C83D /* Project object */ = {
			isa = PBXProject;
			attributes = {
				LastUpgradeCheck = 0500;
				ORGANIZATIONNAME = General;
				TargetAttributes = {
					F2162D851844403D00E7C83D = {
						TestTargetID = F2162D611844403C00E7C83D;
					};
				};
			};
			buildConfigurationList = F2162D5D1844403B00E7C83D /* Build configuration list for PBXProject "iOSChatRoomClientDemo" */;
			compatibilityVersion = "Xcode 3.2";
			developmentRegion = English;
			hasScannedForEncodings = 0;
			knownRegions = (
				en,
				Base,
			);
			mainGroup = F2162D591844403B00E7C83D;
			productRefGroup = F2162D631844403C00E7C83D /* Products */;
			projectDirPath = "";
			projectRoot = "";
			targets = (
				F2162D611844403C00E7C83D /* iOSChatRoomClientDemo */,
				F2162D851844403D00E7C83D /* iOSChatRoomClientDemoTests */,
			);
		};
/* End PBXProject section */

/* Begin PBXResourcesBuildPhase section */
		F2162D601844403C00E7C83D /* Resources */ = {
			isa = PBXResourcesBuildPhase;
			buildActionMask = 2147483647;
			files = (
				F2162D7C1844403D00E7C83D /* Main_iPad.storyboard in Resources */,
				F2162D811844403D00E7C83D /* Images.xcassets in Resources */,
				F2162D791844403D00E7C83D /* Main_iPhone.storyboard in Resources */,
				F2162D701844403C00E7C83D /* InfoPlist.strings in Resources */,
			);
			runOnlyForDeploymentPostprocessing = 0;
		};
		F2162D841844403D00E7C83D /* Resources */ = {
			isa = PBXResourcesBuildPhase;
			buildActionMask = 2147483647;
			files = (
				F2162D921844403D00E7C83D /* InfoPlist.strings in Resources */,
			);
			runOnlyForDeploymentPostprocessing = 0;
		};
/* End PBXResourcesBuildPhase section */

/* Begin PBXSourcesBuildPhase section */
		F2162D5E1844403C00E7C83D /* Sources */ = {
			isa = PBXSourcesBuildPhase;
			buildActionMask = 2147483647;
			files = (
				F21C644D1855F09700F9D5DE /* SQLiteInstanceManager.m in Sources */,
				F21C64421855F09700F9D5DE /* NSDate-SQLitePersistence.m in Sources */,
				F21C64451855F09700F9D5DE /* NSNumber-SQLitePersistence.m in Sources */,
				F21C64441855F09700F9D5DE /* NSMutableData-SQLitePersistence.m in Sources */,
				F21C644B1855F09700F9D5DE /* NSString-SQLitePersistence.m in Sources */,
				F2162D7F1844403D00E7C83D /* ViewController.m in Sources */,
				F2162D761844403D00E7C83D /* AppDelegate.m in Sources */,
				F2B1F166184EBDD3001E4B73 /* HistoryViewController.m in Sources */,
				F21C644A1855F09700F9D5DE /* NSString-SQLiteColumnName.m in Sources */,
				F2162D721844403C00E7C83D /* main.m in Sources */,
				F21C644E1855F09700F9D5DE /* SQLitePersistentObject.m in Sources */,
				F2162DA018444E9E00E7C83D /* MainViewController.m in Sources */,
				F2B1F163184EBD9C001E4B73 /* ConcatsViewController.m in Sources */,
				F21C64481855F09700F9D5DE /* NSObject-SQLitePersistence.m in Sources */,
				F21C64411855F09700F9D5DE /* NSData-SQLitePersistence.m in Sources */,
				F21C644C1855F09700F9D5DE /* NSString-UppercaseFirst.m in Sources */,
				F21C64501855F09700F9D5DE /* UIImage-SQLitePersistence.m in Sources */,
				F21C64491855F09700F9D5DE /* NSString-NumberStuff.m in Sources */,
				F2162DA318444FAA00E7C83D /* LoginViewController.m in Sources */,
				F2162DA6184474D000E7C83D /* BasicViewController.m in Sources */,
				F2B1F160184EBCA5001E4B73 /* MessageViewController.m in Sources */,
				F21C64461855F09700F9D5DE /* NSObject-ClassName.m in Sources */,
				F21C64431855F09700F9D5DE /* NSMutableArray-MultipleSort.m in Sources */,
				F21C644F1855F09700F9D5DE /* UIColor-SQLitePersistentObject.m in Sources */,
				F21C64471855F09700F9D5DE /* NSObject-MissingKV.m in Sources */,
				F28726411847292E0081B78B /* ConcatsViewController.m in Sources */,
				F20582E918487F0F0059ED96 /* AlertView.m in Sources */,
				F2872644184729580081B78B /* SettingViewController.m in Sources */,
				F2162DA318444FAA00E7C83D /* LoginViewController.m in Sources */,
				F2162DA6184474D000E7C83D /* BasicViewController.m in Sources */,
				F287263E184729000081B78B /* MessageViewController.m in Sources */,
			);
			runOnlyForDeploymentPostprocessing = 0;
		};
		F2162D821844403D00E7C83D /* Sources */ = {
			isa = PBXSourcesBuildPhase;
			buildActionMask = 2147483647;
			files = (
				F2162D941844403D00E7C83D /* iOSChatRoomClientDemoTests.m in Sources */,
			);
			runOnlyForDeploymentPostprocessing = 0;
		};
/* End PBXSourcesBuildPhase section */

/* Begin PBXTargetDependency section */
		F2162D8C1844403D00E7C83D /* PBXTargetDependency */ = {
			isa = PBXTargetDependency;
			target = F2162D611844403C00E7C83D /* iOSChatRoomClientDemo */;
			targetProxy = F2162D8B1844403D00E7C83D /* PBXContainerItemProxy */;
		};
/* End PBXTargetDependency section */

/* Begin PBXVariantGroup section */
		F2162D6E1844403C00E7C83D /* InfoPlist.strings */ = {
			isa = PBXVariantGroup;
			children = (
				F2162D6F1844403C00E7C83D /* en */,
			);
			name = InfoPlist.strings;
			sourceTree = "<group>";
		};
		F2162D771844403D00E7C83D /* Main_iPhone.storyboard */ = {
			isa = PBXVariantGroup;
			children = (
				F2162D781844403D00E7C83D /* Base */,
			);
			name = Main_iPhone.storyboard;
			sourceTree = "<group>";
		};
		F2162D7A1844403D00E7C83D /* Main_iPad.storyboard */ = {
			isa = PBXVariantGroup;
			children = (
				F2162D7B1844403D00E7C83D /* Base */,
			);
			name = Main_iPad.storyboard;
			sourceTree = "<group>";
		};
		F2162D901844403D00E7C83D /* InfoPlist.strings */ = {
			isa = PBXVariantGroup;
			children = (
				F2162D911844403D00E7C83D /* en */,
			);
			name = InfoPlist.strings;
			sourceTree = "<group>";
		};
/* End PBXVariantGroup section */

/* Begin XCBuildConfiguration section */
		F2162D951844403D00E7C83D /* Debug */ = {
			isa = XCBuildConfiguration;
			buildSettings = {
				ALWAYS_SEARCH_USER_PATHS = NO;
				ARCHS = "$(ARCHS_STANDARD_INCLUDING_64_BIT)";
				CLANG_CXX_LANGUAGE_STANDARD = "gnu++0x";
				CLANG_CXX_LIBRARY = "libc++";
				CLANG_ENABLE_MODULES = YES;
				CLANG_ENABLE_OBJC_ARC = YES;
				CLANG_WARN_BOOL_CONVERSION = YES;
				CLANG_WARN_CONSTANT_CONVERSION = YES;
				CLANG_WARN_DIRECT_OBJC_ISA_USAGE = YES_ERROR;
				CLANG_WARN_EMPTY_BODY = YES;
				CLANG_WARN_ENUM_CONVERSION = YES;
				CLANG_WARN_INT_CONVERSION = YES;
				CLANG_WARN_OBJC_ROOT_CLASS = YES_ERROR;
				CLANG_WARN__DUPLICATE_METHOD_MATCH = YES;
				"CODE_SIGN_IDENTITY[sdk=iphoneos*]" = "iPhone Developer";
				COPY_PHASE_STRIP = NO;
				GCC_C_LANGUAGE_STANDARD = gnu99;
				GCC_DYNAMIC_NO_PIC = NO;
				GCC_OPTIMIZATION_LEVEL = 0;
				GCC_PREPROCESSOR_DEFINITIONS = (
					"DEBUG=1",
					"$(inherited)",
				);
				GCC_SYMBOLS_PRIVATE_EXTERN = NO;
				GCC_WARN_64_TO_32_BIT_CONVERSION = YES;
				GCC_WARN_ABOUT_RETURN_TYPE = YES_ERROR;
				GCC_WARN_UNDECLARED_SELECTOR = YES;
				GCC_WARN_UNINITIALIZED_AUTOS = YES;
				GCC_WARN_UNUSED_FUNCTION = YES;
				GCC_WARN_UNUSED_VARIABLE = YES;
				IPHONEOS_DEPLOYMENT_TARGET = 7.0;
				ONLY_ACTIVE_ARCH = YES;
				SDKROOT = iphoneos;
				TARGETED_DEVICE_FAMILY = "1,2";
			};
			name = Debug;
		};
		F2162D961844403D00E7C83D /* Release */ = {
			isa = XCBuildConfiguration;
			buildSettings = {
				ALWAYS_SEARCH_USER_PATHS = NO;
				ARCHS = "$(ARCHS_STANDARD_INCLUDING_64_BIT)";
				CLANG_CXX_LANGUAGE_STANDARD = "gnu++0x";
				CLANG_CXX_LIBRARY = "libc++";
				CLANG_ENABLE_MODULES = YES;
				CLANG_ENABLE_OBJC_ARC = YES;
				CLANG_WARN_BOOL_CONVERSION = YES;
				CLANG_WARN_CONSTANT_CONVERSION = YES;
				CLANG_WARN_DIRECT_OBJC_ISA_USAGE = YES_ERROR;
				CLANG_WARN_EMPTY_BODY = YES;
				CLANG_WARN_ENUM_CONVERSION = YES;
				CLANG_WARN_INT_CONVERSION = YES;
				CLANG_WARN_OBJC_ROOT_CLASS = YES_ERROR;
				CLANG_WARN__DUPLICATE_METHOD_MATCH = YES;
				"CODE_SIGN_IDENTITY[sdk=iphoneos*]" = "iPhone Developer";
				COPY_PHASE_STRIP = YES;
				ENABLE_NS_ASSERTIONS = NO;
				GCC_C_LANGUAGE_STANDARD = gnu99;
				GCC_WARN_64_TO_32_BIT_CONVERSION = YES;
				GCC_WARN_ABOUT_RETURN_TYPE = YES_ERROR;
				GCC_WARN_UNDECLARED_SELECTOR = YES;
				GCC_WARN_UNINITIALIZED_AUTOS = YES;
				GCC_WARN_UNUSED_FUNCTION = YES;
				GCC_WARN_UNUSED_VARIABLE = YES;
				IPHONEOS_DEPLOYMENT_TARGET = 7.0;
				SDKROOT = iphoneos;
				TARGETED_DEVICE_FAMILY = "1,2";
				VALIDATE_PRODUCT = YES;
			};
			name = Release;
		};
		F2162D981844403D00E7C83D /* Debug */ = {
			isa = XCBuildConfiguration;
			buildSettings = {
				ASSETCATALOG_COMPILER_APPICON_NAME = AppIcon;
				ASSETCATALOG_COMPILER_LAUNCHIMAGE_NAME = LaunchImage;
				GCC_PRECOMPILE_PREFIX_HEADER = YES;
				GCC_PREFIX_HEADER = "iOSChatRoomClientDemo/iOSChatRoomClientDemo-Prefix.pch";
				INFOPLIST_FILE = "iOSChatRoomClientDemo/iOSChatRoomClientDemo-Info.plist";
				PRODUCT_NAME = "$(TARGET_NAME)";
				WRAPPER_EXTENSION = app;
			};
			name = Debug;
		};
		F2162D991844403D00E7C83D /* Release */ = {
			isa = XCBuildConfiguration;
			buildSettings = {
				ASSETCATALOG_COMPILER_APPICON_NAME = AppIcon;
				ASSETCATALOG_COMPILER_LAUNCHIMAGE_NAME = LaunchImage;
				GCC_PRECOMPILE_PREFIX_HEADER = YES;
				GCC_PREFIX_HEADER = "iOSChatRoomClientDemo/iOSChatRoomClientDemo-Prefix.pch";
				INFOPLIST_FILE = "iOSChatRoomClientDemo/iOSChatRoomClientDemo-Info.plist";
				PRODUCT_NAME = "$(TARGET_NAME)";
				WRAPPER_EXTENSION = app;
			};
			name = Release;
		};
		F2162D9B1844403D00E7C83D /* Debug */ = {
			isa = XCBuildConfiguration;
			buildSettings = {
				ARCHS = "$(ARCHS_STANDARD_INCLUDING_64_BIT)";
				BUNDLE_LOADER = "$(BUILT_PRODUCTS_DIR)/iOSChatRoomClientDemo.app/iOSChatRoomClientDemo";
				FRAMEWORK_SEARCH_PATHS = (
					"$(SDKROOT)/Developer/Library/Frameworks",
					"$(inherited)",
					"$(DEVELOPER_FRAMEWORKS_DIR)",
				);
				GCC_PRECOMPILE_PREFIX_HEADER = YES;
				GCC_PREFIX_HEADER = "iOSChatRoomClientDemo/iOSChatRoomClientDemo-Prefix.pch";
				GCC_PREPROCESSOR_DEFINITIONS = (
					"DEBUG=1",
					"$(inherited)",
				);
				INFOPLIST_FILE = "iOSChatRoomClientDemoTests/iOSChatRoomClientDemoTests-Info.plist";
				PRODUCT_NAME = "$(TARGET_NAME)";
				TEST_HOST = "$(BUNDLE_LOADER)";
				WRAPPER_EXTENSION = xctest;
			};
			name = Debug;
		};
		F2162D9C1844403D00E7C83D /* Release */ = {
			isa = XCBuildConfiguration;
			buildSettings = {
				ARCHS = "$(ARCHS_STANDARD_INCLUDING_64_BIT)";
				BUNDLE_LOADER = "$(BUILT_PRODUCTS_DIR)/iOSChatRoomClientDemo.app/iOSChatRoomClientDemo";
				FRAMEWORK_SEARCH_PATHS = (
					"$(SDKROOT)/Developer/Library/Frameworks",
					"$(inherited)",
					"$(DEVELOPER_FRAMEWORKS_DIR)",
				);
				GCC_PRECOMPILE_PREFIX_HEADER = YES;
				GCC_PREFIX_HEADER = "iOSChatRoomClientDemo/iOSChatRoomClientDemo-Prefix.pch";
				INFOPLIST_FILE = "iOSChatRoomClientDemoTests/iOSChatRoomClientDemoTests-Info.plist";
				PRODUCT_NAME = "$(TARGET_NAME)";
				TEST_HOST = "$(BUNDLE_LOADER)";
				WRAPPER_EXTENSION = xctest;
			};
			name = Release;
		};
/* End XCBuildConfiguration section */

/* Begin XCConfigurationList section */
		F2162D5D1844403B00E7C83D /* Build configuration list for PBXProject "iOSChatRoomClientDemo" */ = {
			isa = XCConfigurationList;
			buildConfigurations = (
				F2162D951844403D00E7C83D /* Debug */,
				F2162D961844403D00E7C83D /* Release */,
			);
			defaultConfigurationIsVisible = 0;
			defaultConfigurationName = Release;
		};
		F2162D971844403D00E7C83D /* Build configuration list for PBXNativeTarget "iOSChatRoomClientDemo" */ = {
			isa = XCConfigurationList;
			buildConfigurations = (
				F2162D981844403D00E7C83D /* Debug */,
				F2162D991844403D00E7C83D /* Release */,
			);
			defaultConfigurationIsVisible = 0;
			defaultConfigurationName = Release;
		};
		F2162D9A1844403D00E7C83D /* Build configuration list for PBXNativeTarget "iOSChatRoomClientDemoTests" */ = {
			isa = XCConfigurationList;
			buildConfigurations = (
				F2162D9B1844403D00E7C83D /* Debug */,
				F2162D9C1844403D00E7C83D /* Release */,
			);
			defaultConfigurationIsVisible = 0;
			defaultConfigurationName = Release;
		};
/* End XCConfigurationList section */
	};
	rootObject = F2162D5A1844403B00E7C83D /* Project object */;
}
